<?xml version="1.0" encoding="utf-8"?>
<Project ToolsVersion="4.0" xmlns="http://schemas.microsoft.com/developer/msbuild/2003">
  <ItemGroup>
    <Filter Include="资源文件">
      <UniqueIdentifier>{67DA6AB6-F800-4c08-8B7A-83BB121AAD01}</UniqueIdentifier>
      <Extensions>rc;ico;cur;bmp;dlg;rc2;rct;bin;rgs;gif;jpg;jpeg;jpe;resx;tiff;tif;png;wav;mfcribbon-ms</Extensions>
    </Filter>
    <Filter Include="Camera">
      <UniqueIdentifier>{ec64d189-a0f2-452d-8c43-bd36cbc35895}</UniqueIdentifier>
    </Filter>
    <Filter Include="Animation">
      <UniqueIdentifier>{6d9d7444-aabc-49a5-9557-b73217f92422}</UniqueIdentifier>
    </Filter>
    <Filter Include="SceneSystem">
      <UniqueIdentifier>{e68afc1d-5349-46dc-8583-9e63a61c7bbe}</UniqueIdentifier>
    </Filter>
    <Filter Include="InputSystem">
      <UniqueIdentifier>{57b9b61c-6243-4b75-9034-217962b8241a}</UniqueIdentifier>
    </Filter>
  </ItemGroup>
  <ItemGroup>
    <Text Include="ReadMe.txt" />
  </ItemGroup>
  <ItemGroup>
    <ClInclude Include="stdafx.h" />
    <ClInclude Include="AllocateHierarchy.h">
      <Filter>Animation</Filter>
    </ClInclude>
    <ClInclude Include="D3DXAnimation.h">
      <Filter>Animation</Filter>
    </ClInclude>
    <ClInclude Include="Mesh.h">
      <Filter>SceneSystem</Filter>
    </ClInclude>
    <ClInclude Include="Particle.h">
      <Filter>SceneSystem</Filter>
    </ClInclude>
    <ClInclude Include="SkyBox.h">
      <Filter>SceneSystem</Filter>
    </ClInclude>
    <ClInclude Include="Terrain.h">
      <Filter>SceneSystem</Filter>
    </ClInclude>
    <ClInclude Include="DirectInput.h">
      <Filter>InputSystem</Filter>
    </ClInclude>
    <ClInclude Include="Resource.h" />
    <ClInclude Include="targetver.h" />
    <ClInclude Include="D3Ddemo.h" />
    <ClInclude Include="CameraKernel.h">
      <Filter>Camera</Filter>
    </ClInclude>
    <ClInclude Include="TempDebug.h" />
    <ClInclude Include="AnimInstance.h">
      <Filter>Animation</Filter>
    </ClInclude>
    <ClInclude Include="CameraImpl.h">
      <Filter>Camera</Filter>
    </ClInclude>
    <ClInclude Include="ApcD3DKernel.h" />
  </ItemGroup>
  <ItemGroup>
    <ClCompile Include="AllocateHierarchy.cpp">
      <Filter>Animation</Filter>
    </ClCompile>
    <ClCompile Include="D3DXAnimation.cpp">
      <Filter>Animation</Filter>
    </ClCompile>
    <ClCompile Include="Mesh.cpp">
      <Filter>SceneSystem</Filter>
    </ClCompile>
    <ClCompile Include="Particle.cpp">
      <Filter>SceneSystem</Filter>
    </ClCompile>
    <ClCompile Include="SkyBox.cpp">
      <Filter>SceneSystem</Filter>
    </ClCompile>
    <ClCompile Include="Terrain.cpp">
      <Filter>SceneSystem</Filter>
    </ClCompile>
    <ClCompile Include="DirectInput.cpp">
      <Filter>InputSystem</Filter>
    </ClCompile>
    <ClCompile Include="stdafx.cpp" />
    <ClCompile Include="D3Ddemo.cpp" />
    <ClCompile Include="CameraKernel.cpp">
      <Filter>Camera</Filter>
    </ClCompile>
    <ClCompile Include="AnimInstance.cpp">
      <Filter>Animation</Filter>
    </ClCompile>
    <ClCompile Include="CameraImpl.cpp">
      <Filter>Camera</Filter>
    </ClCompile>
    <ClCompile Include="ApcD3DKernel.cpp" />
  </ItemGroup>
  <ItemGroup>
    <ResourceCompile Include="D3Ddemo.rc">
      <Filter>资源文件</Filter>
    </ResourceCompile>
  </ItemGroup>
  <ItemGroup>
    <Image Include="small.ico">
      <Filter>资源文件</Filter>
    </Image>
    <Image Include="D3Ddemo.ico">
      <Filter>资源文件</Filter>
    </Image>
  </ItemGroup>
</Project>