<?xml version="1.0" encoding="utf-8"?>
<Project ToolsVersion="4.0" xmlns="http://schemas.microsoft.com/developer/msbuild/2003">
  <ItemGroup>
    <ClCompile Include="AllocateHierarchy.cpp" />
    <ClCompile Include="AnimInstance.cpp" />
    <ClCompile Include="ApcD3DKernel.cpp" />
    <ClCompile Include="CameraImpl.cpp" />
    <ClCompile Include="CameraKernel.cpp" />
    <ClCompile Include="D3Ddemo.cpp" />
    <ClCompile Include="D3DXAnimation.cpp" />
    <ClCompile Include="DirectInput.cpp" />
    <ClCompile Include="D3DXMesh.cpp" />
    <ClCompile Include="IRenderRes.cpp" />
    <ClCompile Include="MeshInstance.cpp" />
    <ClCompile Include="Particle.cpp" />
    <ClCompile Include="Picking.cpp" />
    <ClCompile Include="IRenderActor.cpp" />
    <ClCompile Include="SkyBox.cpp" />
    <ClCompile Include="stdafx.cpp" />
    <ClCompile Include="Terrain.cpp" />
  </ItemGroup>
  <ItemGroup>
    <ClInclude Include="AllocateHierarchy.h" />
    <ClInclude Include="AnimInstance.h" />
    <ClInclude Include="ApcD3DKernel.h" />
    <ClInclude Include="CameraImpl.h" />
    <ClInclude Include="CameraKernel.h" />
    <ClInclude Include="D3Ddemo.h" />
    <ClInclude Include="D3DXAnimation.h" />
    <ClInclude Include="DirectInput.h" />
    <ClInclude Include="D3DXMesh.h" />
    <ClInclude Include="IRenderRes.h" />
    <ClInclude Include="MeshInstance.h" />
    <ClInclude Include="Particle.h" />
    <ClInclude Include="Picking.h" />
    <ClInclude Include="IRenderActor.h" />
    <ClInclude Include="Resource.h" />
    <ClInclude Include="SkyBox.h" />
    <ClInclude Include="stdafx.h" />
    <ClInclude Include="targetver.h" />
    <ClInclude Include="TempDebug.h" />
    <ClInclude Include="Terrain.h" />
  </ItemGroup>
  <ItemGroup>
    <ResourceCompile Include="D3Ddemo.rc" />
  </ItemGroup>
  <ItemGroup>
    <Image Include="D3Ddemo.ico" />
    <Image Include="small.ico" />
  </ItemGroup>
  <ItemGroup>
    <Text Include="ReadMe.txt" />
  </ItemGroup>
</Project>